
Microsoft Visual Studio Solution File, Format Version 12.00
# Visual Studio Version 17
VisualStudioVersion = 17.3.32901.215
MinimumVisualStudioVersion = 10.0.40219.1
Project("{FAE04EC0-301F-11D3-BF4B-00C04F79EFBC}") = "CSI124-Final Project-", "CSI124-Final Project-\CSI124-Final Project-.csproj", "{364C5FD1-86AC-4056-A0C8-41DC53ACB388}"
EndProject
Global
	GlobalSection(SolutionConfigurationPlatforms) = preSolution
		Debug|Any CPU = Debug|Any CPU
		Release|Any CPU = Release|Any CPU
	EndGlobalSection
	GlobalSection(ProjectConfigurationPlatforms) = postSolution
		{364C5FD1-86AC-4056-A0C8-41DC53ACB388}.Debug|Any CPU.ActiveCfg = Debug|Any CPU
		{364C5FD1-86AC-4056-A0C8-41DC53ACB388}.Debug|Any CPU.Build.0 = Debug|Any CPU
		{364C5FD1-86AC-4056-A0C8-41DC53ACB388}.Release|Any CPU.ActiveCfg = Release|Any CPU
		{364C5FD1-86AC-4056-A0C8-41DC53ACB388}.Release|Any CPU.Build.0 = Release|Any CPU
	EndGlobalSection
	GlobalSection(SolutionProperties) = preSolution
		HideSolutionNode = FALSE
	EndGlobalSection
	GlobalSection(ExtensibilityGlobals) = postSolution
		SolutionGuid = {86CB58A1-7290-49B4-919F-61C538A4B24E}
	EndGlobalSection
EndGlobal
